
Microsoft Visual Studio Solution File, Format Version 12.00
# Visual Studio 15
VisualStudioVersion = 15.0.28307.136
MinimumVisualStudioVersion = 10.0.40219.1
Project("{2150E333-8FDC-42A3-9474-1A3956D46DE8}") = "01-API", "01-API", "{025FCAC8-BA84-4D37-AF05-AF0C6E95DBE3}"
EndProject
Project("{FAE04EC0-301F-11D3-BF4B-00C04F79EFBC}") = "Api", "Api\Api.csproj", "{82E10AF0-E349-4907-9419-790EEAD8E1BE}"
EndProject
Project("{2150E333-8FDC-42A3-9474-1A3956D46DE8}") = "02-NEGOCIO", "02-NEGOCIO", "{DD9C172C-7526-4545-A363-9C97DD6671E0}"
EndProject
Project("{FAE04EC0-301F-11D3-BF4B-00C04F79EFBC}") = "Dominio", "Dominio\Dominio.csproj", "{5DF76483-802B-4024-91B6-D4451A1E9D53}"
EndProject
Project("{FAE04EC0-301F-11D3-BF4B-00C04F79EFBC}") = "Negocio", "Negocio\Negocio.csproj", "{427F62F3-2A1D-4A2F-BC45-2F6ECF652D32}"
EndProject
Project("{2150E333-8FDC-42A3-9474-1A3956D46DE8}") = "03-DADO", "03-DADO", "{16EC399C-B766-4517-A259-12DF9ECB7DDB}"
EndProject
Project("{FAE04EC0-301F-11D3-BF4B-00C04F79EFBC}") = "Repositorio", "Repositorio\Repositorio.csproj", "{19564C81-6D97-4CCE-8994-24EBFCC2301E}"
EndProject
Project("{2150E333-8FDC-42A3-9474-1A3956D46DE8}") = "04-DATABASE", "04-DATABASE", "{E7C6C4DA-E7AB-4FD0-BF3D-C7C19A4AEE91}"
EndProject
Project("{00D1A9C2-B5F0-4AF3-8072-F6C62B433612}") = "Database", "Database\Database.sqlproj", "{B5187CE0-9E06-48A1-9085-B9CCC2DF5750}"
EndProject
Global
	GlobalSection(SolutionConfigurationPlatforms) = preSolution
		Debug|Any CPU = Debug|Any CPU
		Release|Any CPU = Release|Any CPU
	EndGlobalSection
	GlobalSection(ProjectConfigurationPlatforms) = postSolution
		{82E10AF0-E349-4907-9419-790EEAD8E1BE}.Debug|Any CPU.ActiveCfg = Debug|Any CPU
		{82E10AF0-E349-4907-9419-790EEAD8E1BE}.Debug|Any CPU.Build.0 = Debug|Any CPU
		{82E10AF0-E349-4907-9419-790EEAD8E1BE}.Release|Any CPU.ActiveCfg = Release|Any CPU
		{82E10AF0-E349-4907-9419-790EEAD8E1BE}.Release|Any CPU.Build.0 = Release|Any CPU
		{5DF76483-802B-4024-91B6-D4451A1E9D53}.Debug|Any CPU.ActiveCfg = Debug|Any CPU
		{5DF76483-802B-4024-91B6-D4451A1E9D53}.Debug|Any CPU.Build.0 = Debug|Any CPU
		{5DF76483-802B-4024-91B6-D4451A1E9D53}.Release|Any CPU.ActiveCfg = Release|Any CPU
		{5DF76483-802B-4024-91B6-D4451A1E9D53}.Release|Any CPU.Build.0 = Release|Any CPU
		{427F62F3-2A1D-4A2F-BC45-2F6ECF652D32}.Debug|Any CPU.ActiveCfg = Debug|Any CPU
		{427F62F3-2A1D-4A2F-BC45-2F6ECF652D32}.Debug|Any CPU.Build.0 = Debug|Any CPU
		{427F62F3-2A1D-4A2F-BC45-2F6ECF652D32}.Release|Any CPU.ActiveCfg = Release|Any CPU
		{427F62F3-2A1D-4A2F-BC45-2F6ECF652D32}.Release|Any CPU.Build.0 = Release|Any CPU
		{19564C81-6D97-4CCE-8994-24EBFCC2301E}.Debug|Any CPU.ActiveCfg = Debug|Any CPU
		{19564C81-6D97-4CCE-8994-24EBFCC2301E}.Debug|Any CPU.Build.0 = Debug|Any CPU
		{19564C81-6D97-4CCE-8994-24EBFCC2301E}.Release|Any CPU.ActiveCfg = Release|Any CPU
		{19564C81-6D97-4CCE-8994-24EBFCC2301E}.Release|Any CPU.Build.0 = Release|Any CPU
		{B5187CE0-9E06-48A1-9085-B9CCC2DF5750}.Debug|Any CPU.ActiveCfg = Debug|Any CPU
		{B5187CE0-9E06-48A1-9085-B9CCC2DF5750}.Debug|Any CPU.Build.0 = Debug|Any CPU
		{B5187CE0-9E06-48A1-9085-B9CCC2DF5750}.Debug|Any CPU.Deploy.0 = Debug|Any CPU
		{B5187CE0-9E06-48A1-9085-B9CCC2DF5750}.Release|Any CPU.ActiveCfg = Release|Any CPU
		{B5187CE0-9E06-48A1-9085-B9CCC2DF5750}.Release|Any CPU.Build.0 = Release|Any CPU
		{B5187CE0-9E06-48A1-9085-B9CCC2DF5750}.Release|Any CPU.Deploy.0 = Release|Any CPU
	EndGlobalSection
	GlobalSection(SolutionProperties) = preSolution
		HideSolutionNode = FALSE
	EndGlobalSection
	GlobalSection(NestedProjects) = preSolution
		{82E10AF0-E349-4907-9419-790EEAD8E1BE} = {025FCAC8-BA84-4D37-AF05-AF0C6E95DBE3}
		{5DF76483-802B-4024-91B6-D4451A1E9D53} = {DD9C172C-7526-4545-A363-9C97DD6671E0}
		{427F62F3-2A1D-4A2F-BC45-2F6ECF652D32} = {DD9C172C-7526-4545-A363-9C97DD6671E0}
		{19564C81-6D97-4CCE-8994-24EBFCC2301E} = {16EC399C-B766-4517-A259-12DF9ECB7DDB}
		{B5187CE0-9E06-48A1-9085-B9CCC2DF5750} = {E7C6C4DA-E7AB-4FD0-BF3D-C7C19A4AEE91}
	EndGlobalSection
	GlobalSection(ExtensibilityGlobals) = postSolution
		SolutionGuid = {F0B97318-87C4-43D4-90A8-1EC84D702F4B}
	EndGlobalSection
EndGlobal
