
Microsoft Visual Studio Solution File, Format Version 12.00
# Visual Studio 15
VisualStudioVersion = 15.0.28307.136
MinimumVisualStudioVersion = 10.0.40219.1
Project("{2150E333-8FDC-42A3-9474-1A3956D46DE8}") = "01-API", "01-API", "{025FCAC8-BA84-4D37-AF05-AF0C6E95DBE3}"
EndProject
Project("{2150E333-8FDC-42A3-9474-1A3956D46DE8}") = "02-NEGOCIO", "02-NEGOCIO", "{DD9C172C-7526-4545-A363-9C97DD6671E0}"
EndProject
Project("{9A19103F-16F7-4668-BE54-9A1E7A4F7556}") = "Dominio", "Dominio\Dominio.csproj", "{5DF76483-802B-4024-91B6-D4451A1E9D53}"
EndProject
Project("{9A19103F-16F7-4668-BE54-9A1E7A4F7556}") = "Negocio", "Negocio\Negocio.csproj", "{427F62F3-2A1D-4A2F-BC45-2F6ECF652D32}"
EndProject
Project("{2150E333-8FDC-42A3-9474-1A3956D46DE8}") = "03-DADO", "03-DADO", "{16EC399C-B766-4517-A259-12DF9ECB7DDB}"
EndProject
Project("{9A19103F-16F7-4668-BE54-9A1E7A4F7556}") = "Repositorio", "Repositorio\Repositorio.csproj", "{19564C81-6D97-4CCE-8994-24EBFCC2301E}"
EndProject
Project("{2150E333-8FDC-42A3-9474-1A3956D46DE8}") = "05-DATABASE", "05-DATABASE", "{E7C6C4DA-E7AB-4FD0-BF3D-C7C19A4AEE91}"
EndProject
Project("{9A19103F-16F7-4668-BE54-9A1E7A4F7556}") = "Scopio.API", "Scopio.API\Scopio.API.csproj", "{7D241C8F-5D72-41FC-9257-1A1E1B6E3748}"
EndProject
Project("{00D1A9C2-B5F0-4AF3-8072-F6C62B433612}") = "Database", "Database\Database.sqlproj", "{68041A88-8392-4A40-A04E-D865F92224A1}"
EndProject
Project("{2150E333-8FDC-42A3-9474-1A3956D46DE8}") = "04-IOC", "04-IOC", "{CC92A990-B862-49E5-98F8-CD02E5AA66F7}"
EndProject
Project("{FAE04EC0-301F-11D3-BF4B-00C04F79EFBC}") = "Infra.IOC", "Infra.IOC\Infra.IOC.csproj", "{02928543-41A2-4AB7-B0FA-EC7C45E43059}"
EndProject
Global
	GlobalSection(SolutionConfigurationPlatforms) = preSolution
		Debug|Any CPU = Debug|Any CPU
		Release|Any CPU = Release|Any CPU
	EndGlobalSection
	GlobalSection(ProjectConfigurationPlatforms) = postSolution
		{5DF76483-802B-4024-91B6-D4451A1E9D53}.Debug|Any CPU.ActiveCfg = Debug|Any CPU
		{5DF76483-802B-4024-91B6-D4451A1E9D53}.Debug|Any CPU.Build.0 = Debug|Any CPU
		{5DF76483-802B-4024-91B6-D4451A1E9D53}.Release|Any CPU.ActiveCfg = Release|Any CPU
		{5DF76483-802B-4024-91B6-D4451A1E9D53}.Release|Any CPU.Build.0 = Release|Any CPU
		{427F62F3-2A1D-4A2F-BC45-2F6ECF652D32}.Debug|Any CPU.ActiveCfg = Debug|Any CPU
		{427F62F3-2A1D-4A2F-BC45-2F6ECF652D32}.Debug|Any CPU.Build.0 = Debug|Any CPU
		{427F62F3-2A1D-4A2F-BC45-2F6ECF652D32}.Release|Any CPU.ActiveCfg = Release|Any CPU
		{427F62F3-2A1D-4A2F-BC45-2F6ECF652D32}.Release|Any CPU.Build.0 = Release|Any CPU
		{19564C81-6D97-4CCE-8994-24EBFCC2301E}.Debug|Any CPU.ActiveCfg = Debug|Any CPU
		{19564C81-6D97-4CCE-8994-24EBFCC2301E}.Debug|Any CPU.Build.0 = Debug|Any CPU
		{19564C81-6D97-4CCE-8994-24EBFCC2301E}.Release|Any CPU.ActiveCfg = Release|Any CPU
		{19564C81-6D97-4CCE-8994-24EBFCC2301E}.Release|Any CPU.Build.0 = Release|Any CPU
		{7D241C8F-5D72-41FC-9257-1A1E1B6E3748}.Debug|Any CPU.ActiveCfg = Debug|Any CPU
		{7D241C8F-5D72-41FC-9257-1A1E1B6E3748}.Debug|Any CPU.Build.0 = Debug|Any CPU
		{7D241C8F-5D72-41FC-9257-1A1E1B6E3748}.Release|Any CPU.ActiveCfg = Release|Any CPU
		{7D241C8F-5D72-41FC-9257-1A1E1B6E3748}.Release|Any CPU.Build.0 = Release|Any CPU
		{68041A88-8392-4A40-A04E-D865F92224A1}.Debug|Any CPU.ActiveCfg = Debug|Any CPU
		{68041A88-8392-4A40-A04E-D865F92224A1}.Debug|Any CPU.Build.0 = Debug|Any CPU
		{68041A88-8392-4A40-A04E-D865F92224A1}.Debug|Any CPU.Deploy.0 = Debug|Any CPU
		{68041A88-8392-4A40-A04E-D865F92224A1}.Release|Any CPU.ActiveCfg = Release|Any CPU
		{68041A88-8392-4A40-A04E-D865F92224A1}.Release|Any CPU.Build.0 = Release|Any CPU
		{68041A88-8392-4A40-A04E-D865F92224A1}.Release|Any CPU.Deploy.0 = Release|Any CPU
		{02928543-41A2-4AB7-B0FA-EC7C45E43059}.Debug|Any CPU.ActiveCfg = Debug|Any CPU
		{02928543-41A2-4AB7-B0FA-EC7C45E43059}.Debug|Any CPU.Build.0 = Debug|Any CPU
		{02928543-41A2-4AB7-B0FA-EC7C45E43059}.Release|Any CPU.ActiveCfg = Release|Any CPU
		{02928543-41A2-4AB7-B0FA-EC7C45E43059}.Release|Any CPU.Build.0 = Release|Any CPU
	EndGlobalSection
	GlobalSection(SolutionProperties) = preSolution
		HideSolutionNode = FALSE
	EndGlobalSection
	GlobalSection(NestedProjects) = preSolution
		{5DF76483-802B-4024-91B6-D4451A1E9D53} = {DD9C172C-7526-4545-A363-9C97DD6671E0}
		{427F62F3-2A1D-4A2F-BC45-2F6ECF652D32} = {DD9C172C-7526-4545-A363-9C97DD6671E0}
		{19564C81-6D97-4CCE-8994-24EBFCC2301E} = {16EC399C-B766-4517-A259-12DF9ECB7DDB}
		{7D241C8F-5D72-41FC-9257-1A1E1B6E3748} = {025FCAC8-BA84-4D37-AF05-AF0C6E95DBE3}
		{68041A88-8392-4A40-A04E-D865F92224A1} = {E7C6C4DA-E7AB-4FD0-BF3D-C7C19A4AEE91}
		{02928543-41A2-4AB7-B0FA-EC7C45E43059} = {CC92A990-B862-49E5-98F8-CD02E5AA66F7}
	EndGlobalSection
	GlobalSection(ExtensibilityGlobals) = postSolution
		SolutionGuid = {F0B97318-87C4-43D4-90A8-1EC84D702F4B}
	EndGlobalSection
EndGlobal
